{
  "name": "sls-canary-example",
  "version": "1.0.0",
  "lockfileVersion": 1,
  "requires": true,
  "dependencies": {
    "flat": {
      "version": "4.0.0",
      "resolved": "https://registry.npmjs.org/flat/-/flat-4.0.0.tgz",
      "integrity": "sha512-ji/WMv2jdsE+LaznpkIF9Haax0sdpTBozrz/Dtg4qSRMfbs8oVg4ypJunIRYPiMLvH/ed6OflXbnbTIKJhtgeg==",
      "dev": true,
      "requires": {
        "is-buffer": "1.1.6"
      }
    },
    "for-in": {
      "version": "1.0.2",
      "resolved": "https://registry.npmjs.org/for-in/-/for-in-1.0.2.tgz",
      "integrity": "sha1-gQaNKVqBQuwKxybG4iAMMPttXoA=",
      "dev": true
    },
    "for-own": {
      "version": "0.1.5",
      "resolved": "https://registry.npmjs.org/for-own/-/for-own-0.1.5.tgz",
      "integrity": "sha1-UmXGgaTylNq78XyVCbZ2OqhFEM4=",
      "dev": true,
      "requires": {
        "for-in": "1.0.2"
      }
    },
    "has-values": {
      "version": "0.1.4",
      "resolved": "https://registry.npmjs.org/has-values/-/has-values-0.1.4.tgz",
      "integrity": "sha1-bWHeldkd/Km5oCCJrThL/49it3E=",
      "dev": true
    },
    "is-buffer": {
      "version": "1.1.6",
      "resolved": "https://registry.npmjs.org/is-buffer/-/is-buffer-1.1.6.tgz",
      "integrity": "sha512-NcdALwpXkTm5Zvvbk7owOUSvVvBKDgKP5/ewfXEznmQFfs4ZRmanOeKBTjRVjka3QFoN6XJ+9F3USqfHqTaU5w==",
      "dev": true
    },
    "kind-of": {
      "version": "3.2.2",
      "resolved": "https://registry.npmjs.org/kind-of/-/kind-of-3.2.2.tgz",
      "integrity": "sha1-MeohpzS6ubuw8yRm2JOupR5KPGQ=",
      "dev": true,
      "requires": {
        "is-buffer": "1.1.6"
      }
    },
    "lodash": {
      "version": "4.17.5",
      "resolved": "https://registry.npmjs.org/lodash/-/lodash-4.17.5.tgz",
      "integrity": "sha512-svL3uiZf1RwhH+cWrfZn3A4+U58wbP0tGVTLQPbjplZxZ8ROD9VLuNgsRniTlLe7OlSqR79RUehXgpBW/s0IQw==",
      "dev": true
    },
    "omit-empty": {
      "version": "0.4.1",
      "resolved": "https://registry.npmjs.org/omit-empty/-/omit-empty-0.4.1.tgz",
      "integrity": "sha1-KUo3gvLLIMdJfEEitiN8ncwMY6s=",
      "dev": true,
      "requires": {
        "has-values": "0.1.4",
        "kind-of": "3.2.2",
        "reduce-object": "0.1.3"
      }
    },
    "reduce-object": {
      "version": "0.1.3",
      "resolved": "https://registry.npmjs.org/reduce-object/-/reduce-object-0.1.3.tgz",
      "integrity": "sha1-1UnUCmwpNvpOPpt4yonJMxRZQhg=",
      "dev": true,
      "requires": {
        "for-own": "0.1.5"
      }
    },
    "serverless-plugin-aws-alerts": {
      "version": "1.2.4",
      "resolved": "https://registry.npmjs.org/serverless-plugin-aws-alerts/-/serverless-plugin-aws-alerts-1.2.4.tgz",
      "integrity": "sha1-3wlYrPEoKYqgad044TSwEEw9L0Q=",
      "dev": true,
      "requires": {
        "lodash": "4.17.5"
      }
    },
    "serverless-plugin-canary-deployments": {
      "version": "0.4.0",
      "resolved": "https://registry.npmjs.org/serverless-plugin-canary-deployments/-/serverless-plugin-canary-deployments-0.4.0.tgz",
      "integrity": "sha512-MzDDot2cxR2L1SQ9SWZsuQCjeWq64VzJvfzGjwj8wf1zw6kSq0qnvVM2xl4BzbMND9FP2L/7ydKvquwMm8yPww==",
      "dev": true,
      "requires": {
        "flat": "4.0.0",
        "lodash": "4.17.5",
        "omit-empty": "0.4.1"
      }
    }
  }
}
